
Microsoft Visual Studio Solution File, Format Version 12.00
# Visual Studio 15
VisualStudioVersion = 15.0.27130.2027
MinimumVisualStudioVersion = 10.0.40219.1
Project("{FAE04EC0-301F-11D3-BF4B-00C04F79EFBC}") = "VPProekt", "VPProekt\VPProekt.csproj", "{C37B88A1-6A7D-4D0E-8B01-8C0C98E2BFED}"
EndProject
Global
	GlobalSection(SolutionConfigurationPlatforms) = preSolution
		Debug|Any CPU = Debug|Any CPU
		Release|Any CPU = Release|Any CPU
	EndGlobalSection
	GlobalSection(ProjectConfigurationPlatforms) = postSolution
		{C37B88A1-6A7D-4D0E-8B01-8C0C98E2BFED}.Debug|Any CPU.ActiveCfg = Debug|Any CPU
		{C37B88A1-6A7D-4D0E-8B01-8C0C98E2BFED}.Debug|Any CPU.Build.0 = Debug|Any CPU
		{C37B88A1-6A7D-4D0E-8B01-8C0C98E2BFED}.Release|Any CPU.ActiveCfg = Release|Any CPU
		{C37B88A1-6A7D-4D0E-8B01-8C0C98E2BFED}.Release|Any CPU.Build.0 = Release|Any CPU
	EndGlobalSection
	GlobalSection(SolutionProperties) = preSolution
		HideSolutionNode = FALSE
	EndGlobalSection
	GlobalSection(ExtensibilityGlobals) = postSolution
		SolutionGuid = {61CEF54B-6FB4-4AFB-AA62-9B6480C5D068}
	EndGlobalSection
EndGlobal
